
Microsoft Visual Studio Solution File, Format Version 12.00
Project("{FAE04EC0-301F-11D3-BF4B-00C04F79EFBC}") = "Mayonyies.Api", "Mayonyies.Api\Mayonyies.Api.csproj", "{EFAA2799-F73E-4985-9C9B-AC5A0C5455A2}"
EndProject
Project("{2150E333-8FDC-42A3-9474-1A3956D46DE8}") = "Solution Items", "Solution Items", "{1F93FE22-71B4-4856-929C-31D8F92C95CD}"
	ProjectSection(SolutionItems) = preProject
		compose.yaml = ../compose.yaml
	EndProjectSection
EndProject
Project("{FAE04EC0-301F-11D3-BF4B-00C04F79EFBC}") = "Mayonyies.Core", "Mayonyies.Core\Mayonyies.Core.csproj", "{324B77EF-5E7A-4BD6-B398-86FF746DE816}"
EndProject
Project("{FAE04EC0-301F-11D3-BF4B-00C04F79EFBC}") = "Mayonyies.Application", "Mayonyies.Application\Mayonyies.Application.csproj", "{8379C846-7B4F-44C1-BBD3-5BE362A4E7F9}"
EndProject
Project("{FAE04EC0-301F-11D3-BF4B-00C04F79EFBC}") = "Mayonyies.Infrastructure", "Mayonyies.Infrastructure\Mayonyies.Infrastructure.csproj", "{B6490E0A-9159-497D-9B82-AC4A1788FFED}"
EndProject
Global
	GlobalSection(SolutionConfigurationPlatforms) = preSolution
		Debug|Any CPU = Debug|Any CPU
		Release|Any CPU = Release|Any CPU
	EndGlobalSection
	GlobalSection(ProjectConfigurationPlatforms) = postSolution
		{EFAA2799-F73E-4985-9C9B-AC5A0C5455A2}.Debug|Any CPU.ActiveCfg = Debug|Any CPU
		{EFAA2799-F73E-4985-9C9B-AC5A0C5455A2}.Debug|Any CPU.Build.0 = Debug|Any CPU
		{EFAA2799-F73E-4985-9C9B-AC5A0C5455A2}.Release|Any CPU.ActiveCfg = Release|Any CPU
		{EFAA2799-F73E-4985-9C9B-AC5A0C5455A2}.Release|Any CPU.Build.0 = Release|Any CPU
		{324B77EF-5E7A-4BD6-B398-86FF746DE816}.Debug|Any CPU.ActiveCfg = Debug|Any CPU
		{324B77EF-5E7A-4BD6-B398-86FF746DE816}.Debug|Any CPU.Build.0 = Debug|Any CPU
		{324B77EF-5E7A-4BD6-B398-86FF746DE816}.Release|Any CPU.ActiveCfg = Release|Any CPU
		{324B77EF-5E7A-4BD6-B398-86FF746DE816}.Release|Any CPU.Build.0 = Release|Any CPU
		{8379C846-7B4F-44C1-BBD3-5BE362A4E7F9}.Debug|Any CPU.ActiveCfg = Debug|Any CPU
		{8379C846-7B4F-44C1-BBD3-5BE362A4E7F9}.Debug|Any CPU.Build.0 = Debug|Any CPU
		{8379C846-7B4F-44C1-BBD3-5BE362A4E7F9}.Release|Any CPU.ActiveCfg = Release|Any CPU
		{8379C846-7B4F-44C1-BBD3-5BE362A4E7F9}.Release|Any CPU.Build.0 = Release|Any CPU
		{B6490E0A-9159-497D-9B82-AC4A1788FFED}.Debug|Any CPU.ActiveCfg = Debug|Any CPU
		{B6490E0A-9159-497D-9B82-AC4A1788FFED}.Debug|Any CPU.Build.0 = Debug|Any CPU
		{B6490E0A-9159-497D-9B82-AC4A1788FFED}.Release|Any CPU.ActiveCfg = Release|Any CPU
		{B6490E0A-9159-497D-9B82-AC4A1788FFED}.Release|Any CPU.Build.0 = Release|Any CPU
	EndGlobalSection
EndGlobal
